
Microsoft Visual Studio Solution File, Format Version 12.00
# Visual Studio Version 17
VisualStudioVersion = 17.14.37012.4 d17.14
MinimumVisualStudioVersion = 10.0.40219.1
Project("{FAE04EC0-301F-11D3-BF4B-00C04F79EFBC}") = "Funciones01", "Funcionees01\Funciones01.csproj", "{0DDD86FA-C214-49DF-8BDA-903173721927}"
EndProject
Project("{FAE04EC0-301F-11D3-BF4B-00C04F79EFBC}") = "Funciones02", "Funciones02\Funciones02.csproj", "{7F507B3F-0599-4147-A849-28ADCDE904EE}"
EndProject
Project("{FAE04EC0-301F-11D3-BF4B-00C04F79EFBC}") = "Funciones03", "Funciones03\Funciones03.csproj", "{3023D59C-A204-4B80-AB79-06CF6BD849C5}"
EndProject
Project("{FAE04EC0-301F-11D3-BF4B-00C04F79EFBC}") = "Funciones04", "Funciones04\Funciones04.csproj", "{230C905B-C459-4B62-BE3E-C2765364C341}"
EndProject
Project("{FAE04EC0-301F-11D3-BF4B-00C04F79EFBC}") = "Funciones05", "Funciones05\Funciones05.csproj", "{CE5CE688-359C-4824-B26F-82483DC546A3}"
EndProject
Project("{FAE04EC0-301F-11D3-BF4B-00C04F79EFBC}") = "Funciones06", "Funciones06\Funciones06.csproj", "{62D55412-CE35-4034-98F0-E5E47C7A7E85}"
EndProject
Project("{FAE04EC0-301F-11D3-BF4B-00C04F79EFBC}") = "Funciones07", "Funciones07\Funciones07.csproj", "{5EDD525F-7D67-4EFE-8581-3554A30D77BD}"
EndProject
Project("{FAE04EC0-301F-11D3-BF4B-00C04F79EFBC}") = "Funciones08", "Funciones08\Funciones08.csproj", "{E2B22CFE-931F-4882-9235-47B2C49320E5}"
EndProject
Project("{FAE04EC0-301F-11D3-BF4B-00C04F79EFBC}") = "Funciones09", "Funciones09\Funciones09.csproj", "{ED6CB18C-1390-48B7-8AEE-310104A22FDE}"
EndProject
Project("{FAE04EC0-301F-11D3-BF4B-00C04F79EFBC}") = "Funciones10", "Funciones10\Funciones10.csproj", "{7287956B-C6FB-49EA-8EED-00532635B9D8}"
EndProject
Project("{FAE04EC0-301F-11D3-BF4B-00C04F79EFBC}") = "Funciones11", "Funciones11\Funciones11.csproj", "{63831D6E-920C-45BB-8532-C665F301DA2B}"
EndProject
Project("{FAE04EC0-301F-11D3-BF4B-00C04F79EFBC}") = "Funciones12", "Funciones12\Funciones12.csproj", "{B23F4CAE-E3BF-4C7B-86BA-FEB13ECCD5D6}"
EndProject
Project("{FAE04EC0-301F-11D3-BF4B-00C04F79EFBC}") = "Funciones13", "Funciones13\Funciones13.csproj", "{9671B8BB-0550-4402-9F0F-A9AF3753A28E}"
EndProject
Project("{FAE04EC0-301F-11D3-BF4B-00C04F79EFBC}") = "Funciones14", "Funciones14\Funciones14.csproj", "{01C892AB-35DD-48FF-BA59-72A695F72529}"
EndProject
Project("{FAE04EC0-301F-11D3-BF4B-00C04F79EFBC}") = "Funciones15", "Funciones15\Funciones15.csproj", "{08A566FE-907C-4362-BD14-25B060245196}"
EndProject
Project("{FAE04EC0-301F-11D3-BF4B-00C04F79EFBC}") = "Funciones16", "Funciones16\Funciones16.csproj", "{BC692605-CE3D-4731-BD78-82C8ED9A5C15}"
EndProject
Project("{FAE04EC0-301F-11D3-BF4B-00C04F79EFBC}") = "Funciones17", "Funciones17\Funciones17.csproj", "{ED793C35-A4AE-42A2-A069-65986D3947DB}"
EndProject
Project("{FAE04EC0-301F-11D3-BF4B-00C04F79EFBC}") = "Funciones18", "Funciones18\Funciones18.csproj", "{12350530-02E8-4A32-87BD-64DF45D0C8EA}"
EndProject
Project("{FAE04EC0-301F-11D3-BF4B-00C04F79EFBC}") = "Funciones19", "Funciones19\Funciones19.csproj", "{9E649E94-1F71-4B1A-8FEA-ACE3FEBE5A17}"
EndProject
Project("{FAE04EC0-301F-11D3-BF4B-00C04F79EFBC}") = "Funciones20", "Funciones20\Funciones20.csproj", "{625C052C-BF04-449E-B429-F93AB0F22350}"
EndProject
Project("{FAE04EC0-301F-11D3-BF4B-00C04F79EFBC}") = "Funciones21", "Funciones21\Funciones21.csproj", "{B1E541D5-90D8-4CC5-9E71-970521A98816}"
EndProject
Project("{FAE04EC0-301F-11D3-BF4B-00C04F79EFBC}") = "Funciones22", "Funciones22\Funciones22.csproj", "{214427D6-4F36-4C49-BA62-C6FF76E4D37D}"
EndProject
Project("{FAE04EC0-301F-11D3-BF4B-00C04F79EFBC}") = "Funciones23", "Funciones23\Funciones23.csproj", "{8A186123-7870-431B-AEE4-B943E54BF40F}"
EndProject
Project("{FAE04EC0-301F-11D3-BF4B-00C04F79EFBC}") = "Funciones24", "Funciones24\Funciones24.csproj", "{2D9A127D-D819-47A0-9473-6EE01B0812BE}"
EndProject
Project("{FAE04EC0-301F-11D3-BF4B-00C04F79EFBC}") = "Funciones25", "Funciones25\Funciones25.csproj", "{B5445DDB-74AD-4923-96A4-D5D1673C5812}"
EndProject
Global
	GlobalSection(SolutionConfigurationPlatforms) = preSolution
		Debug|Any CPU = Debug|Any CPU
		Release|Any CPU = Release|Any CPU
	EndGlobalSection
	GlobalSection(ProjectConfigurationPlatforms) = postSolution
		{0DDD86FA-C214-49DF-8BDA-903173721927}.Debug|Any CPU.ActiveCfg = Debug|Any CPU
		{0DDD86FA-C214-49DF-8BDA-903173721927}.Debug|Any CPU.Build.0 = Debug|Any CPU
		{0DDD86FA-C214-49DF-8BDA-903173721927}.Release|Any CPU.ActiveCfg = Release|Any CPU
		{0DDD86FA-C214-49DF-8BDA-903173721927}.Release|Any CPU.Build.0 = Release|Any CPU
		{7F507B3F-0599-4147-A849-28ADCDE904EE}.Debug|Any CPU.ActiveCfg = Debug|Any CPU
		{7F507B3F-0599-4147-A849-28ADCDE904EE}.Debug|Any CPU.Build.0 = Debug|Any CPU
		{7F507B3F-0599-4147-A849-28ADCDE904EE}.Release|Any CPU.ActiveCfg = Release|Any CPU
		{7F507B3F-0599-4147-A849-28ADCDE904EE}.Release|Any CPU.Build.0 = Release|Any CPU
		{3023D59C-A204-4B80-AB79-06CF6BD849C5}.Debug|Any CPU.ActiveCfg = Debug|Any CPU
		{3023D59C-A204-4B80-AB79-06CF6BD849C5}.Debug|Any CPU.Build.0 = Debug|Any CPU
		{3023D59C-A204-4B80-AB79-06CF6BD849C5}.Release|Any CPU.ActiveCfg = Release|Any CPU
		{3023D59C-A204-4B80-AB79-06CF6BD849C5}.Release|Any CPU.Build.0 = Release|Any CPU
		{230C905B-C459-4B62-BE3E-C2765364C341}.Debug|Any CPU.ActiveCfg = Debug|Any CPU
		{230C905B-C459-4B62-BE3E-C2765364C341}.Debug|Any CPU.Build.0 = Debug|Any CPU
		{230C905B-C459-4B62-BE3E-C2765364C341}.Release|Any CPU.ActiveCfg = Release|Any CPU
		{230C905B-C459-4B62-BE3E-C2765364C341}.Release|Any CPU.Build.0 = Release|Any CPU
		{CE5CE688-359C-4824-B26F-82483DC546A3}.Debug|Any CPU.ActiveCfg = Debug|Any CPU
		{CE5CE688-359C-4824-B26F-82483DC546A3}.Debug|Any CPU.Build.0 = Debug|Any CPU
		{CE5CE688-359C-4824-B26F-82483DC546A3}.Release|Any CPU.ActiveCfg = Release|Any CPU
		{CE5CE688-359C-4824-B26F-82483DC546A3}.Release|Any CPU.Build.0 = Release|Any CPU
		{62D55412-CE35-4034-98F0-E5E47C7A7E85}.Debug|Any CPU.ActiveCfg = Debug|Any CPU
		{62D55412-CE35-4034-98F0-E5E47C7A7E85}.Debug|Any CPU.Build.0 = Debug|Any CPU
		{62D55412-CE35-4034-98F0-E5E47C7A7E85}.Release|Any CPU.ActiveCfg = Release|Any CPU
		{62D55412-CE35-4034-98F0-E5E47C7A7E85}.Release|Any CPU.Build.0 = Release|Any CPU
		{5EDD525F-7D67-4EFE-8581-3554A30D77BD}.Debug|Any CPU.ActiveCfg = Debug|Any CPU
		{5EDD525F-7D67-4EFE-8581-3554A30D77BD}.Debug|Any CPU.Build.0 = Debug|Any CPU
		{5EDD525F-7D67-4EFE-8581-3554A30D77BD}.Release|Any CPU.ActiveCfg = Release|Any CPU
		{5EDD525F-7D67-4EFE-8581-3554A30D77BD}.Release|Any CPU.Build.0 = Release|Any CPU
		{E2B22CFE-931F-4882-9235-47B2C49320E5}.Debug|Any CPU.ActiveCfg = Debug|Any CPU
		{E2B22CFE-931F-4882-9235-47B2C49320E5}.Debug|Any CPU.Build.0 = Debug|Any CPU
		{E2B22CFE-931F-4882-9235-47B2C49320E5}.Release|Any CPU.ActiveCfg = Release|Any CPU
		{E2B22CFE-931F-4882-9235-47B2C49320E5}.Release|Any CPU.Build.0 = Release|Any CPU
		{ED6CB18C-1390-48B7-8AEE-310104A22FDE}.Debug|Any CPU.ActiveCfg = Debug|Any CPU
		{ED6CB18C-1390-48B7-8AEE-310104A22FDE}.Debug|Any CPU.Build.0 = Debug|Any CPU
		{ED6CB18C-1390-48B7-8AEE-310104A22FDE}.Release|Any CPU.ActiveCfg = Release|Any CPU
		{ED6CB18C-1390-48B7-8AEE-310104A22FDE}.Release|Any CPU.Build.0 = Release|Any CPU
		{7287956B-C6FB-49EA-8EED-00532635B9D8}.Debug|Any CPU.ActiveCfg = Debug|Any CPU
		{7287956B-C6FB-49EA-8EED-00532635B9D8}.Debug|Any CPU.Build.0 = Debug|Any CPU
		{7287956B-C6FB-49EA-8EED-00532635B9D8}.Release|Any CPU.ActiveCfg = Release|Any CPU
		{7287956B-C6FB-49EA-8EED-00532635B9D8}.Release|Any CPU.Build.0 = Release|Any CPU
		{63831D6E-920C-45BB-8532-C665F301DA2B}.Debug|Any CPU.ActiveCfg = Debug|Any CPU
		{63831D6E-920C-45BB-8532-C665F301DA2B}.Debug|Any CPU.Build.0 = Debug|Any CPU
		{63831D6E-920C-45BB-8532-C665F301DA2B}.Release|Any CPU.ActiveCfg = Release|Any CPU
		{63831D6E-920C-45BB-8532-C665F301DA2B}.Release|Any CPU.Build.0 = Release|Any CPU
		{B23F4CAE-E3BF-4C7B-86BA-FEB13ECCD5D6}.Debug|Any CPU.ActiveCfg = Debug|Any CPU
		{B23F4CAE-E3BF-4C7B-86BA-FEB13ECCD5D6}.Debug|Any CPU.Build.0 = Debug|Any CPU
		{B23F4CAE-E3BF-4C7B-86BA-FEB13ECCD5D6}.Release|Any CPU.ActiveCfg = Release|Any CPU
		{B23F4CAE-E3BF-4C7B-86BA-FEB13ECCD5D6}.Release|Any CPU.Build.0 = Release|Any CPU
		{9671B8BB-0550-4402-9F0F-A9AF3753A28E}.Debug|Any CPU.ActiveCfg = Debug|Any CPU
		{9671B8BB-0550-4402-9F0F-A9AF3753A28E}.Debug|Any CPU.Build.0 = Debug|Any CPU
		{9671B8BB-0550-4402-9F0F-A9AF3753A28E}.Release|Any CPU.ActiveCfg = Release|Any CPU
		{9671B8BB-0550-4402-9F0F-A9AF3753A28E}.Release|Any CPU.Build.0 = Release|Any CPU
		{01C892AB-35DD-48FF-BA59-72A695F72529}.Debug|Any CPU.ActiveCfg = Debug|Any CPU
		{01C892AB-35DD-48FF-BA59-72A695F72529}.Debug|Any CPU.Build.0 = Debug|Any CPU
		{01C892AB-35DD-48FF-BA59-72A695F72529}.Release|Any CPU.ActiveCfg = Release|Any CPU
		{01C892AB-35DD-48FF-BA59-72A695F72529}.Release|Any CPU.Build.0 = Release|Any CPU
		{08A566FE-907C-4362-BD14-25B060245196}.Debug|Any CPU.ActiveCfg = Debug|Any CPU
		{08A566FE-907C-4362-BD14-25B060245196}.Debug|Any CPU.Build.0 = Debug|Any CPU
		{08A566FE-907C-4362-BD14-25B060245196}.Release|Any CPU.ActiveCfg = Release|Any CPU
		{08A566FE-907C-4362-BD14-25B060245196}.Release|Any CPU.Build.0 = Release|Any CPU
		{BC692605-CE3D-4731-BD78-82C8ED9A5C15}.Debug|Any CPU.ActiveCfg = Debug|Any CPU
		{BC692605-CE3D-4731-BD78-82C8ED9A5C15}.Debug|Any CPU.Build.0 = Debug|Any CPU
		{BC692605-CE3D-4731-BD78-82C8ED9A5C15}.Release|Any CPU.ActiveCfg = Release|Any CPU
		{BC692605-CE3D-4731-BD78-82C8ED9A5C15}.Release|Any CPU.Build.0 = Release|Any CPU
		{ED793C35-A4AE-42A2-A069-65986D3947DB}.Debug|Any CPU.ActiveCfg = Debug|Any CPU
		{ED793C35-A4AE-42A2-A069-65986D3947DB}.Debug|Any CPU.Build.0 = Debug|Any CPU
		{ED793C35-A4AE-42A2-A069-65986D3947DB}.Release|Any CPU.ActiveCfg = Release|Any CPU
		{ED793C35-A4AE-42A2-A069-65986D3947DB}.Release|Any CPU.Build.0 = Release|Any CPU
		{12350530-02E8-4A32-87BD-64DF45D0C8EA}.Debug|Any CPU.ActiveCfg = Debug|Any CPU
		{12350530-02E8-4A32-87BD-64DF45D0C8EA}.Debug|Any CPU.Build.0 = Debug|Any CPU
		{12350530-02E8-4A32-87BD-64DF45D0C8EA}.Release|Any CPU.ActiveCfg = Release|Any CPU
		{12350530-02E8-4A32-87BD-64DF45D0C8EA}.Release|Any CPU.Build.0 = Release|Any CPU
		{9E649E94-1F71-4B1A-8FEA-ACE3FEBE5A17}.Debug|Any CPU.ActiveCfg = Debug|Any CPU
		{9E649E94-1F71-4B1A-8FEA-ACE3FEBE5A17}.Debug|Any CPU.Build.0 = Debug|Any CPU
		{9E649E94-1F71-4B1A-8FEA-ACE3FEBE5A17}.Release|Any CPU.ActiveCfg = Release|Any CPU
		{9E649E94-1F71-4B1A-8FEA-ACE3FEBE5A17}.Release|Any CPU.Build.0 = Release|Any CPU
		{625C052C-BF04-449E-B429-F93AB0F22350}.Debug|Any CPU.ActiveCfg = Debug|Any CPU
		{625C052C-BF04-449E-B429-F93AB0F22350}.Debug|Any CPU.Build.0 = Debug|Any CPU
		{625C052C-BF04-449E-B429-F93AB0F22350}.Release|Any CPU.ActiveCfg = Release|Any CPU
		{625C052C-BF04-449E-B429-F93AB0F22350}.Release|Any CPU.Build.0 = Release|Any CPU
		{B1E541D5-90D8-4CC5-9E71-970521A98816}.Debug|Any CPU.ActiveCfg = Debug|Any CPU
		{B1E541D5-90D8-4CC5-9E71-970521A98816}.Debug|Any CPU.Build.0 = Debug|Any CPU
		{B1E541D5-90D8-4CC5-9E71-970521A98816}.Release|Any CPU.ActiveCfg = Release|Any CPU
		{B1E541D5-90D8-4CC5-9E71-970521A98816}.Release|Any CPU.Build.0 = Release|Any CPU
		{214427D6-4F36-4C49-BA62-C6FF76E4D37D}.Debug|Any CPU.ActiveCfg = Debug|Any CPU
		{214427D6-4F36-4C49-BA62-C6FF76E4D37D}.Debug|Any CPU.Build.0 = Debug|Any CPU
		{214427D6-4F36-4C49-BA62-C6FF76E4D37D}.Release|Any CPU.ActiveCfg = Release|Any CPU
		{214427D6-4F36-4C49-BA62-C6FF76E4D37D}.Release|Any CPU.Build.0 = Release|Any CPU
		{8A186123-7870-431B-AEE4-B943E54BF40F}.Debug|Any CPU.ActiveCfg = Debug|Any CPU
		{8A186123-7870-431B-AEE4-B943E54BF40F}.Debug|Any CPU.Build.0 = Debug|Any CPU
		{8A186123-7870-431B-AEE4-B943E54BF40F}.Release|Any CPU.ActiveCfg = Release|Any CPU
		{8A186123-7870-431B-AEE4-B943E54BF40F}.Release|Any CPU.Build.0 = Release|Any CPU
		{2D9A127D-D819-47A0-9473-6EE01B0812BE}.Debug|Any CPU.ActiveCfg = Debug|Any CPU
		{2D9A127D-D819-47A0-9473-6EE01B0812BE}.Debug|Any CPU.Build.0 = Debug|Any CPU
		{2D9A127D-D819-47A0-9473-6EE01B0812BE}.Release|Any CPU.ActiveCfg = Release|Any CPU
		{2D9A127D-D819-47A0-9473-6EE01B0812BE}.Release|Any CPU.Build.0 = Release|Any CPU
		{B5445DDB-74AD-4923-96A4-D5D1673C5812}.Debug|Any CPU.ActiveCfg = Debug|Any CPU
		{B5445DDB-74AD-4923-96A4-D5D1673C5812}.Debug|Any CPU.Build.0 = Debug|Any CPU
		{B5445DDB-74AD-4923-96A4-D5D1673C5812}.Release|Any CPU.ActiveCfg = Release|Any CPU
		{B5445DDB-74AD-4923-96A4-D5D1673C5812}.Release|Any CPU.Build.0 = Release|Any CPU
	EndGlobalSection
	GlobalSection(SolutionProperties) = preSolution
		HideSolutionNode = FALSE
	EndGlobalSection
	GlobalSection(ExtensibilityGlobals) = postSolution
		SolutionGuid = {44CDED97-884C-49C1-AA9E-E3D5E9B4F7A1}
	EndGlobalSection
EndGlobal
