
Microsoft Visual Studio Solution File, Format Version 12.00
# Visual Studio Version 17
VisualStudioVersion = 17.14.37012.4 d17.14
MinimumVisualStudioVersion = 10.0.40219.1
Project("{FAE04EC0-301F-11D3-BF4B-00C04F79EFBC}") = "Funciones01", "Funcionees01\Funciones01.csproj", "{0DDD86FA-C214-49DF-8BDA-903173721927}"
EndProject
Project("{FAE04EC0-301F-11D3-BF4B-00C04F79EFBC}") = "Funciones02", "Funciones02\Funciones02.csproj", "{7F507B3F-0599-4147-A849-28ADCDE904EE}"
EndProject
Project("{FAE04EC0-301F-11D3-BF4B-00C04F79EFBC}") = "Funciones03", "Funciones03\Funciones03.csproj", "{3023D59C-A204-4B80-AB79-06CF6BD849C5}"
EndProject
Project("{FAE04EC0-301F-11D3-BF4B-00C04F79EFBC}") = "Funciones04", "Funciones04\Funciones04.csproj", "{230C905B-C459-4B62-BE3E-C2765364C341}"
EndProject
Global
	GlobalSection(SolutionConfigurationPlatforms) = preSolution
		Debug|Any CPU = Debug|Any CPU
		Release|Any CPU = Release|Any CPU
	EndGlobalSection
	GlobalSection(ProjectConfigurationPlatforms) = postSolution
		{0DDD86FA-C214-49DF-8BDA-903173721927}.Debug|Any CPU.ActiveCfg = Debug|Any CPU
		{0DDD86FA-C214-49DF-8BDA-903173721927}.Debug|Any CPU.Build.0 = Debug|Any CPU
		{0DDD86FA-C214-49DF-8BDA-903173721927}.Release|Any CPU.ActiveCfg = Release|Any CPU
		{0DDD86FA-C214-49DF-8BDA-903173721927}.Release|Any CPU.Build.0 = Release|Any CPU
		{7F507B3F-0599-4147-A849-28ADCDE904EE}.Debug|Any CPU.ActiveCfg = Debug|Any CPU
		{7F507B3F-0599-4147-A849-28ADCDE904EE}.Debug|Any CPU.Build.0 = Debug|Any CPU
		{7F507B3F-0599-4147-A849-28ADCDE904EE}.Release|Any CPU.ActiveCfg = Release|Any CPU
		{7F507B3F-0599-4147-A849-28ADCDE904EE}.Release|Any CPU.Build.0 = Release|Any CPU
		{3023D59C-A204-4B80-AB79-06CF6BD849C5}.Debug|Any CPU.ActiveCfg = Debug|Any CPU
		{3023D59C-A204-4B80-AB79-06CF6BD849C5}.Debug|Any CPU.Build.0 = Debug|Any CPU
		{3023D59C-A204-4B80-AB79-06CF6BD849C5}.Release|Any CPU.ActiveCfg = Release|Any CPU
		{3023D59C-A204-4B80-AB79-06CF6BD849C5}.Release|Any CPU.Build.0 = Release|Any CPU
		{230C905B-C459-4B62-BE3E-C2765364C341}.Debug|Any CPU.ActiveCfg = Debug|Any CPU
		{230C905B-C459-4B62-BE3E-C2765364C341}.Debug|Any CPU.Build.0 = Debug|Any CPU
		{230C905B-C459-4B62-BE3E-C2765364C341}.Release|Any CPU.ActiveCfg = Release|Any CPU
		{230C905B-C459-4B62-BE3E-C2765364C341}.Release|Any CPU.Build.0 = Release|Any CPU
	EndGlobalSection
	GlobalSection(SolutionProperties) = preSolution
		HideSolutionNode = FALSE
	EndGlobalSection
	GlobalSection(ExtensibilityGlobals) = postSolution
		SolutionGuid = {44CDED97-884C-49C1-AA9E-E3D5E9B4F7A1}
	EndGlobalSection
EndGlobal
